
Microsoft Visual Studio Solution File, Format Version 12.00
# Visual Studio Version 16
VisualStudioVersion = 16.0.31515.178
MinimumVisualStudioVersion = 10.0.40219.1
Project("{FAE04EC0-301F-11D3-BF4B-00C04F79EFBC}") = "ACM.BL", "ACM.BL\ACM.BL.csproj", "{7E053ED9-ABA9-4CFE-BD7F-D74E38D6C807}"
EndProject
Project("{2150E333-8FDC-42A3-9474-1A3956D46DE8}") = "Tests", "Tests", "{5D948E0B-2132-47CE-B637-F7CB43FBCE46}"
EndProject
Project("{FAE04EC0-301F-11D3-BF4B-00C04F79EFBC}") = "ACM.BLTest", "Tests\ACM.BLTest\ACM.BLTest.csproj", "{4D294052-D17F-4F50-A685-BCF611C2549B}"
EndProject
Project("{FAE04EC0-301F-11D3-BF4B-00C04F79EFBC}") = "Acme.Common", "Acme.Common\Acme.Common.csproj", "{49A13B50-656D-40C5-A656-E286C22F8DAE}"
EndProject
Project("{FAE04EC0-301F-11D3-BF4B-00C04F79EFBC}") = "Acme.CommonTest", "Tests\Acme.CommonTest\Acme.CommonTest.csproj", "{77D730AE-4294-4624-A349-798B0AF0915D}"
EndProject
Global
	GlobalSection(SolutionConfigurationPlatforms) = preSolution
		Debug|Any CPU = Debug|Any CPU
		Release|Any CPU = Release|Any CPU
	EndGlobalSection
	GlobalSection(ProjectConfigurationPlatforms) = postSolution
		{7E053ED9-ABA9-4CFE-BD7F-D74E38D6C807}.Debug|Any CPU.ActiveCfg = Debug|Any CPU
		{7E053ED9-ABA9-4CFE-BD7F-D74E38D6C807}.Debug|Any CPU.Build.0 = Debug|Any CPU
		{7E053ED9-ABA9-4CFE-BD7F-D74E38D6C807}.Release|Any CPU.ActiveCfg = Release|Any CPU
		{7E053ED9-ABA9-4CFE-BD7F-D74E38D6C807}.Release|Any CPU.Build.0 = Release|Any CPU
		{4D294052-D17F-4F50-A685-BCF611C2549B}.Debug|Any CPU.ActiveCfg = Debug|Any CPU
		{4D294052-D17F-4F50-A685-BCF611C2549B}.Debug|Any CPU.Build.0 = Debug|Any CPU
		{4D294052-D17F-4F50-A685-BCF611C2549B}.Release|Any CPU.ActiveCfg = Release|Any CPU
		{4D294052-D17F-4F50-A685-BCF611C2549B}.Release|Any CPU.Build.0 = Release|Any CPU
		{49A13B50-656D-40C5-A656-E286C22F8DAE}.Debug|Any CPU.ActiveCfg = Debug|Any CPU
		{49A13B50-656D-40C5-A656-E286C22F8DAE}.Debug|Any CPU.Build.0 = Debug|Any CPU
		{49A13B50-656D-40C5-A656-E286C22F8DAE}.Release|Any CPU.ActiveCfg = Release|Any CPU
		{49A13B50-656D-40C5-A656-E286C22F8DAE}.Release|Any CPU.Build.0 = Release|Any CPU
		{77D730AE-4294-4624-A349-798B0AF0915D}.Debug|Any CPU.ActiveCfg = Debug|Any CPU
		{77D730AE-4294-4624-A349-798B0AF0915D}.Debug|Any CPU.Build.0 = Debug|Any CPU
		{77D730AE-4294-4624-A349-798B0AF0915D}.Release|Any CPU.ActiveCfg = Release|Any CPU
		{77D730AE-4294-4624-A349-798B0AF0915D}.Release|Any CPU.Build.0 = Release|Any CPU
	EndGlobalSection
	GlobalSection(SolutionProperties) = preSolution
		HideSolutionNode = FALSE
	EndGlobalSection
	GlobalSection(NestedProjects) = preSolution
		{4D294052-D17F-4F50-A685-BCF611C2549B} = {5D948E0B-2132-47CE-B637-F7CB43FBCE46}
		{77D730AE-4294-4624-A349-798B0AF0915D} = {5D948E0B-2132-47CE-B637-F7CB43FBCE46}
	EndGlobalSection
	GlobalSection(ExtensibilityGlobals) = postSolution
		SolutionGuid = {81858E9C-8C14-4E8C-BC4E-8D05C7052923}
	EndGlobalSection
EndGlobal
